
Microsoft Visual Studio Solution File, Format Version 12.00
# Visual Studio Version 16
VisualStudioVersion = 16.0.31129.286
MinimumVisualStudioVersion = 10.0.40219.1
Project("{FAE04EC0-301F-11D3-BF4B-00C04F79EFBC}") = "TemplateWebApi", "TemplateWebApi\TemplateWebApi.csproj", "{C0C2A65F-BBB4-49A2-BBB9-925538E0E608}"
EndProject
Project("{FAE04EC0-301F-11D3-BF4B-00C04F79EFBC}") = "TemplateWebApi.Application", "TemplateWebApi.Application\TemplateWebApi.Application.csproj", "{CA449DEB-4E92-42D6-93A2-3B911CDF8F4F}"
EndProject
Project("{FAE04EC0-301F-11D3-BF4B-00C04F79EFBC}") = "TemplateWebApi.Domain", "TemplateWebApi.Domain\TemplateWebApi.Domain.csproj", "{87C59156-7140-44A1-8843-176776376D49}"
EndProject
Project("{FAE04EC0-301F-11D3-BF4B-00C04F79EFBC}") = "TemplateWebApi.Infrastructure", "TemplateWebApi.Infrastructure\TemplateWebApi.Infrastructure.csproj", "{A4ADC67F-56C8-4BBB-83DE-C650AD0B2382}"
EndProject
Global
	GlobalSection(SolutionConfigurationPlatforms) = preSolution
		Debug|Any CPU = Debug|Any CPU
		Release|Any CPU = Release|Any CPU
	EndGlobalSection
	GlobalSection(ProjectConfigurationPlatforms) = postSolution
		{C0C2A65F-BBB4-49A2-BBB9-925538E0E608}.Debug|Any CPU.ActiveCfg = Debug|Any CPU
		{C0C2A65F-BBB4-49A2-BBB9-925538E0E608}.Debug|Any CPU.Build.0 = Debug|Any CPU
		{C0C2A65F-BBB4-49A2-BBB9-925538E0E608}.Release|Any CPU.ActiveCfg = Release|Any CPU
		{C0C2A65F-BBB4-49A2-BBB9-925538E0E608}.Release|Any CPU.Build.0 = Release|Any CPU
		{CA449DEB-4E92-42D6-93A2-3B911CDF8F4F}.Debug|Any CPU.ActiveCfg = Debug|Any CPU
		{CA449DEB-4E92-42D6-93A2-3B911CDF8F4F}.Debug|Any CPU.Build.0 = Debug|Any CPU
		{CA449DEB-4E92-42D6-93A2-3B911CDF8F4F}.Release|Any CPU.ActiveCfg = Release|Any CPU
		{CA449DEB-4E92-42D6-93A2-3B911CDF8F4F}.Release|Any CPU.Build.0 = Release|Any CPU
		{87C59156-7140-44A1-8843-176776376D49}.Debug|Any CPU.ActiveCfg = Debug|Any CPU
		{87C59156-7140-44A1-8843-176776376D49}.Debug|Any CPU.Build.0 = Debug|Any CPU
		{87C59156-7140-44A1-8843-176776376D49}.Release|Any CPU.ActiveCfg = Release|Any CPU
		{87C59156-7140-44A1-8843-176776376D49}.Release|Any CPU.Build.0 = Release|Any CPU
		{A4ADC67F-56C8-4BBB-83DE-C650AD0B2382}.Debug|Any CPU.ActiveCfg = Debug|Any CPU
		{A4ADC67F-56C8-4BBB-83DE-C650AD0B2382}.Debug|Any CPU.Build.0 = Debug|Any CPU
		{A4ADC67F-56C8-4BBB-83DE-C650AD0B2382}.Release|Any CPU.ActiveCfg = Release|Any CPU
		{A4ADC67F-56C8-4BBB-83DE-C650AD0B2382}.Release|Any CPU.Build.0 = Release|Any CPU
	EndGlobalSection
	GlobalSection(SolutionProperties) = preSolution
		HideSolutionNode = FALSE
	EndGlobalSection
	GlobalSection(ExtensibilityGlobals) = postSolution
		SolutionGuid = {8B16A584-4978-4C62-A803-08E7A173583C}
	EndGlobalSection
EndGlobal
